
Microsoft Visual Studio Solution File, Format Version 12.00
# Visual Studio Version 16
VisualStudioVersion = 16.0.32802.440
MinimumVisualStudioVersion = 10.0.40219.1
Project("{9A19103F-16F7-4668-BE54-9A1E7A4F7556}") = "FirstApp", "FirstApp.csproj", "{F6DF4150-1BE8-4B03-BD4F-6164E8BE55BB}"
EndProject
Global
	GlobalSection(SolutionConfigurationPlatforms) = preSolution
		Debug|Any CPU = Debug|Any CPU
		Release|Any CPU = Release|Any CPU
	EndGlobalSection
	GlobalSection(ProjectConfigurationPlatforms) = postSolution
		{F6DF4150-1BE8-4B03-BD4F-6164E8BE55BB}.Debug|Any CPU.ActiveCfg = Debug|Any CPU
		{F6DF4150-1BE8-4B03-BD4F-6164E8BE55BB}.Debug|Any CPU.Build.0 = Debug|Any CPU
		{F6DF4150-1BE8-4B03-BD4F-6164E8BE55BB}.Release|Any CPU.ActiveCfg = Release|Any CPU
		{F6DF4150-1BE8-4B03-BD4F-6164E8BE55BB}.Release|Any CPU.Build.0 = Release|Any CPU
	EndGlobalSection
	GlobalSection(SolutionProperties) = preSolution
		HideSolutionNode = FALSE
	EndGlobalSection
	GlobalSection(ExtensibilityGlobals) = postSolution
		SolutionGuid = {1E89B525-AA15-4F35-A445-174BC65FEF75}
	EndGlobalSection
EndGlobal
